
Microsoft Visual Studio Solution File, Format Version 12.00
# Visual Studio Version 17
VisualStudioVersion = 17.9.34622.214
MinimumVisualStudioVersion = 10.0.40219.1
Project("{9A19103F-16F7-4668-BE54-9A1E7A4F7556}") = "SparkFur.Infrastructure", "SparkFur.Infrastructure\SparkFur.Infrastructure.csproj", "{C1740AAF-A2E6-442A-B953-A2C46521582A}"
EndProject
Project("{9A19103F-16F7-4668-BE54-9A1E7A4F7556}") = "SparkFur.Core", "SparkFur.Core\SparkFur.Core.csproj", "{C7F8E2A7-64D7-4E4E-8E4B-3AA0EE7A81BC}"
EndProject
Project("{9A19103F-16F7-4668-BE54-9A1E7A4F7556}") = "SparkFur.API", "SparkFur.API\SparkFur.API.csproj", "{4F13B7E1-BD33-4A03-A6F6-EC1C7D6D4A9E}"
EndProject
Project("{2150E333-8FDC-42A3-9474-1A3956D46DE8}") = "SparkFur.App", "SparkFur.App", "{30F62568-C101-4B72-84FA-D3260576ECE1}"
EndProject
Project("{9A19103F-16F7-4668-BE54-9A1E7A4F7556}") = "SparkFur.Web", "SparkFur.Web\SparkFur.Web.csproj", "{C72AA947-8573-495C-98FA-23B2039FA37A}"
EndProject
Project("{9A19103F-16F7-4668-BE54-9A1E7A4F7556}") = "SparkFur.ThirdParty", "SparkFur.ThirdParty\SparkFur.ThirdParty.csproj", "{11002A18-88F7-462E-9D16-354FCEE16180}"
EndProject
Project("{FAE04EC0-301F-11D3-BF4B-00C04F79EFBC}") = "SparkFur.Desktop", "SparkFur.Desktop\SparkFur.Desktop.csproj", "{C2828923-A934-482F-9692-7C0CFE7F62EB}"
EndProject
Project("{FAE04EC0-301F-11D3-BF4B-00C04F79EFBC}") = "SparkFur.Models", "SparkFur.Models\SparkFur.Models.csproj", "{50B78F4F-04D6-4C12-9C87-F3990AC4826A}"
EndProject
Global
	GlobalSection(SolutionConfigurationPlatforms) = preSolution
		Debug|Any CPU = Debug|Any CPU
		Debug|ARM = Debug|ARM
		Debug|ARM64 = Debug|ARM64
		Debug|x64 = Debug|x64
		Debug|x86 = Debug|x86
		Release|Any CPU = Release|Any CPU
		Release|ARM = Release|ARM
		Release|ARM64 = Release|ARM64
		Release|x64 = Release|x64
		Release|x86 = Release|x86
	EndGlobalSection
	GlobalSection(ProjectConfigurationPlatforms) = postSolution
		{C1740AAF-A2E6-442A-B953-A2C46521582A}.Debug|Any CPU.ActiveCfg = Debug|Any CPU
		{C1740AAF-A2E6-442A-B953-A2C46521582A}.Debug|Any CPU.Build.0 = Debug|Any CPU
		{C1740AAF-A2E6-442A-B953-A2C46521582A}.Debug|ARM.ActiveCfg = Debug|Any CPU
		{C1740AAF-A2E6-442A-B953-A2C46521582A}.Debug|ARM.Build.0 = Debug|Any CPU
		{C1740AAF-A2E6-442A-B953-A2C46521582A}.Debug|ARM64.ActiveCfg = Debug|Any CPU
		{C1740AAF-A2E6-442A-B953-A2C46521582A}.Debug|ARM64.Build.0 = Debug|Any CPU
		{C1740AAF-A2E6-442A-B953-A2C46521582A}.Debug|x64.ActiveCfg = Debug|Any CPU
		{C1740AAF-A2E6-442A-B953-A2C46521582A}.Debug|x64.Build.0 = Debug|Any CPU
		{C1740AAF-A2E6-442A-B953-A2C46521582A}.Debug|x86.ActiveCfg = Debug|Any CPU
		{C1740AAF-A2E6-442A-B953-A2C46521582A}.Debug|x86.Build.0 = Debug|Any CPU
		{C1740AAF-A2E6-442A-B953-A2C46521582A}.Release|Any CPU.ActiveCfg = Release|Any CPU
		{C1740AAF-A2E6-442A-B953-A2C46521582A}.Release|Any CPU.Build.0 = Release|Any CPU
		{C1740AAF-A2E6-442A-B953-A2C46521582A}.Release|ARM.ActiveCfg = Release|Any CPU
		{C1740AAF-A2E6-442A-B953-A2C46521582A}.Release|ARM.Build.0 = Release|Any CPU
		{C1740AAF-A2E6-442A-B953-A2C46521582A}.Release|ARM64.ActiveCfg = Release|Any CPU
		{C1740AAF-A2E6-442A-B953-A2C46521582A}.Release|ARM64.Build.0 = Release|Any CPU
		{C1740AAF-A2E6-442A-B953-A2C46521582A}.Release|x64.ActiveCfg = Release|Any CPU
		{C1740AAF-A2E6-442A-B953-A2C46521582A}.Release|x64.Build.0 = Release|Any CPU
		{C1740AAF-A2E6-442A-B953-A2C46521582A}.Release|x86.ActiveCfg = Release|Any CPU
		{C1740AAF-A2E6-442A-B953-A2C46521582A}.Release|x86.Build.0 = Release|Any CPU
		{C7F8E2A7-64D7-4E4E-8E4B-3AA0EE7A81BC}.Debug|Any CPU.ActiveCfg = Debug|Any CPU
		{C7F8E2A7-64D7-4E4E-8E4B-3AA0EE7A81BC}.Debug|Any CPU.Build.0 = Debug|Any CPU
		{C7F8E2A7-64D7-4E4E-8E4B-3AA0EE7A81BC}.Debug|ARM.ActiveCfg = Debug|Any CPU
		{C7F8E2A7-64D7-4E4E-8E4B-3AA0EE7A81BC}.Debug|ARM.Build.0 = Debug|Any CPU
		{C7F8E2A7-64D7-4E4E-8E4B-3AA0EE7A81BC}.Debug|ARM64.ActiveCfg = Debug|Any CPU
		{C7F8E2A7-64D7-4E4E-8E4B-3AA0EE7A81BC}.Debug|ARM64.Build.0 = Debug|Any CPU
		{C7F8E2A7-64D7-4E4E-8E4B-3AA0EE7A81BC}.Debug|x64.ActiveCfg = Debug|Any CPU
		{C7F8E2A7-64D7-4E4E-8E4B-3AA0EE7A81BC}.Debug|x64.Build.0 = Debug|Any CPU
		{C7F8E2A7-64D7-4E4E-8E4B-3AA0EE7A81BC}.Debug|x86.ActiveCfg = Debug|Any CPU
		{C7F8E2A7-64D7-4E4E-8E4B-3AA0EE7A81BC}.Debug|x86.Build.0 = Debug|Any CPU
		{C7F8E2A7-64D7-4E4E-8E4B-3AA0EE7A81BC}.Release|Any CPU.ActiveCfg = Release|Any CPU
		{C7F8E2A7-64D7-4E4E-8E4B-3AA0EE7A81BC}.Release|Any CPU.Build.0 = Release|Any CPU
		{C7F8E2A7-64D7-4E4E-8E4B-3AA0EE7A81BC}.Release|ARM.ActiveCfg = Release|Any CPU
		{C7F8E2A7-64D7-4E4E-8E4B-3AA0EE7A81BC}.Release|ARM.Build.0 = Release|Any CPU
		{C7F8E2A7-64D7-4E4E-8E4B-3AA0EE7A81BC}.Release|ARM64.ActiveCfg = Release|Any CPU
		{C7F8E2A7-64D7-4E4E-8E4B-3AA0EE7A81BC}.Release|ARM64.Build.0 = Release|Any CPU
		{C7F8E2A7-64D7-4E4E-8E4B-3AA0EE7A81BC}.Release|x64.ActiveCfg = Release|Any CPU
		{C7F8E2A7-64D7-4E4E-8E4B-3AA0EE7A81BC}.Release|x64.Build.0 = Release|Any CPU
		{C7F8E2A7-64D7-4E4E-8E4B-3AA0EE7A81BC}.Release|x86.ActiveCfg = Release|Any CPU
		{C7F8E2A7-64D7-4E4E-8E4B-3AA0EE7A81BC}.Release|x86.Build.0 = Release|Any CPU
		{4F13B7E1-BD33-4A03-A6F6-EC1C7D6D4A9E}.Debug|Any CPU.ActiveCfg = Debug|Any CPU
		{4F13B7E1-BD33-4A03-A6F6-EC1C7D6D4A9E}.Debug|Any CPU.Build.0 = Debug|Any CPU
		{4F13B7E1-BD33-4A03-A6F6-EC1C7D6D4A9E}.Debug|ARM.ActiveCfg = Debug|Any CPU
		{4F13B7E1-BD33-4A03-A6F6-EC1C7D6D4A9E}.Debug|ARM.Build.0 = Debug|Any CPU
		{4F13B7E1-BD33-4A03-A6F6-EC1C7D6D4A9E}.Debug|ARM64.ActiveCfg = Debug|Any CPU
		{4F13B7E1-BD33-4A03-A6F6-EC1C7D6D4A9E}.Debug|ARM64.Build.0 = Debug|Any CPU
		{4F13B7E1-BD33-4A03-A6F6-EC1C7D6D4A9E}.Debug|x64.ActiveCfg = Debug|Any CPU
		{4F13B7E1-BD33-4A03-A6F6-EC1C7D6D4A9E}.Debug|x64.Build.0 = Debug|Any CPU
		{4F13B7E1-BD33-4A03-A6F6-EC1C7D6D4A9E}.Debug|x86.ActiveCfg = Debug|Any CPU
		{4F13B7E1-BD33-4A03-A6F6-EC1C7D6D4A9E}.Debug|x86.Build.0 = Debug|Any CPU
		{4F13B7E1-BD33-4A03-A6F6-EC1C7D6D4A9E}.Release|Any CPU.ActiveCfg = Release|Any CPU
		{4F13B7E1-BD33-4A03-A6F6-EC1C7D6D4A9E}.Release|Any CPU.Build.0 = Release|Any CPU
		{4F13B7E1-BD33-4A03-A6F6-EC1C7D6D4A9E}.Release|ARM.ActiveCfg = Release|Any CPU
		{4F13B7E1-BD33-4A03-A6F6-EC1C7D6D4A9E}.Release|ARM.Build.0 = Release|Any CPU
		{4F13B7E1-BD33-4A03-A6F6-EC1C7D6D4A9E}.Release|ARM64.ActiveCfg = Release|Any CPU
		{4F13B7E1-BD33-4A03-A6F6-EC1C7D6D4A9E}.Release|ARM64.Build.0 = Release|Any CPU
		{4F13B7E1-BD33-4A03-A6F6-EC1C7D6D4A9E}.Release|x64.ActiveCfg = Release|Any CPU
		{4F13B7E1-BD33-4A03-A6F6-EC1C7D6D4A9E}.Release|x64.Build.0 = Release|Any CPU
		{4F13B7E1-BD33-4A03-A6F6-EC1C7D6D4A9E}.Release|x86.ActiveCfg = Release|Any CPU
		{4F13B7E1-BD33-4A03-A6F6-EC1C7D6D4A9E}.Release|x86.Build.0 = Release|Any CPU
		{C72AA947-8573-495C-98FA-23B2039FA37A}.Debug|Any CPU.ActiveCfg = Debug|Any CPU
		{C72AA947-8573-495C-98FA-23B2039FA37A}.Debug|Any CPU.Build.0 = Debug|Any CPU
		{C72AA947-8573-495C-98FA-23B2039FA37A}.Debug|ARM.ActiveCfg = Debug|Any CPU
		{C72AA947-8573-495C-98FA-23B2039FA37A}.Debug|ARM.Build.0 = Debug|Any CPU
		{C72AA947-8573-495C-98FA-23B2039FA37A}.Debug|ARM64.ActiveCfg = Debug|Any CPU
		{C72AA947-8573-495C-98FA-23B2039FA37A}.Debug|ARM64.Build.0 = Debug|Any CPU
		{C72AA947-8573-495C-98FA-23B2039FA37A}.Debug|x64.ActiveCfg = Debug|Any CPU
		{C72AA947-8573-495C-98FA-23B2039FA37A}.Debug|x64.Build.0 = Debug|Any CPU
		{C72AA947-8573-495C-98FA-23B2039FA37A}.Debug|x86.ActiveCfg = Debug|Any CPU
		{C72AA947-8573-495C-98FA-23B2039FA37A}.Debug|x86.Build.0 = Debug|Any CPU
		{C72AA947-8573-495C-98FA-23B2039FA37A}.Release|Any CPU.ActiveCfg = Release|Any CPU
		{C72AA947-8573-495C-98FA-23B2039FA37A}.Release|Any CPU.Build.0 = Release|Any CPU
		{C72AA947-8573-495C-98FA-23B2039FA37A}.Release|ARM.ActiveCfg = Release|Any CPU
		{C72AA947-8573-495C-98FA-23B2039FA37A}.Release|ARM.Build.0 = Release|Any CPU
		{C72AA947-8573-495C-98FA-23B2039FA37A}.Release|ARM64.ActiveCfg = Release|Any CPU
		{C72AA947-8573-495C-98FA-23B2039FA37A}.Release|ARM64.Build.0 = Release|Any CPU
		{C72AA947-8573-495C-98FA-23B2039FA37A}.Release|x64.ActiveCfg = Release|Any CPU
		{C72AA947-8573-495C-98FA-23B2039FA37A}.Release|x64.Build.0 = Release|Any CPU
		{C72AA947-8573-495C-98FA-23B2039FA37A}.Release|x86.ActiveCfg = Release|Any CPU
		{C72AA947-8573-495C-98FA-23B2039FA37A}.Release|x86.Build.0 = Release|Any CPU
		{11002A18-88F7-462E-9D16-354FCEE16180}.Debug|Any CPU.ActiveCfg = Debug|Any CPU
		{11002A18-88F7-462E-9D16-354FCEE16180}.Debug|Any CPU.Build.0 = Debug|Any CPU
		{11002A18-88F7-462E-9D16-354FCEE16180}.Debug|ARM.ActiveCfg = Debug|Any CPU
		{11002A18-88F7-462E-9D16-354FCEE16180}.Debug|ARM.Build.0 = Debug|Any CPU
		{11002A18-88F7-462E-9D16-354FCEE16180}.Debug|ARM64.ActiveCfg = Debug|Any CPU
		{11002A18-88F7-462E-9D16-354FCEE16180}.Debug|ARM64.Build.0 = Debug|Any CPU
		{11002A18-88F7-462E-9D16-354FCEE16180}.Debug|x64.ActiveCfg = Debug|Any CPU
		{11002A18-88F7-462E-9D16-354FCEE16180}.Debug|x64.Build.0 = Debug|Any CPU
		{11002A18-88F7-462E-9D16-354FCEE16180}.Debug|x86.ActiveCfg = Debug|Any CPU
		{11002A18-88F7-462E-9D16-354FCEE16180}.Debug|x86.Build.0 = Debug|Any CPU
		{11002A18-88F7-462E-9D16-354FCEE16180}.Release|Any CPU.ActiveCfg = Release|Any CPU
		{11002A18-88F7-462E-9D16-354FCEE16180}.Release|Any CPU.Build.0 = Release|Any CPU
		{11002A18-88F7-462E-9D16-354FCEE16180}.Release|ARM.ActiveCfg = Release|Any CPU
		{11002A18-88F7-462E-9D16-354FCEE16180}.Release|ARM.Build.0 = Release|Any CPU
		{11002A18-88F7-462E-9D16-354FCEE16180}.Release|ARM64.ActiveCfg = Release|Any CPU
		{11002A18-88F7-462E-9D16-354FCEE16180}.Release|ARM64.Build.0 = Release|Any CPU
		{11002A18-88F7-462E-9D16-354FCEE16180}.Release|x64.ActiveCfg = Release|Any CPU
		{11002A18-88F7-462E-9D16-354FCEE16180}.Release|x64.Build.0 = Release|Any CPU
		{11002A18-88F7-462E-9D16-354FCEE16180}.Release|x86.ActiveCfg = Release|Any CPU
		{11002A18-88F7-462E-9D16-354FCEE16180}.Release|x86.Build.0 = Release|Any CPU
		{C2828923-A934-482F-9692-7C0CFE7F62EB}.Debug|Any CPU.ActiveCfg = Debug|x64
		{C2828923-A934-482F-9692-7C0CFE7F62EB}.Debug|Any CPU.Build.0 = Debug|x64
		{C2828923-A934-482F-9692-7C0CFE7F62EB}.Debug|Any CPU.Deploy.0 = Debug|x64
		{C2828923-A934-482F-9692-7C0CFE7F62EB}.Debug|ARM.ActiveCfg = Debug|ARM
		{C2828923-A934-482F-9692-7C0CFE7F62EB}.Debug|ARM.Build.0 = Debug|ARM
		{C2828923-A934-482F-9692-7C0CFE7F62EB}.Debug|ARM.Deploy.0 = Debug|ARM
		{C2828923-A934-482F-9692-7C0CFE7F62EB}.Debug|ARM64.ActiveCfg = Debug|ARM64
		{C2828923-A934-482F-9692-7C0CFE7F62EB}.Debug|ARM64.Build.0 = Debug|ARM64
		{C2828923-A934-482F-9692-7C0CFE7F62EB}.Debug|ARM64.Deploy.0 = Debug|ARM64
		{C2828923-A934-482F-9692-7C0CFE7F62EB}.Debug|x64.ActiveCfg = Debug|x64
		{C2828923-A934-482F-9692-7C0CFE7F62EB}.Debug|x64.Build.0 = Debug|x64
		{C2828923-A934-482F-9692-7C0CFE7F62EB}.Debug|x64.Deploy.0 = Debug|x64
		{C2828923-A934-482F-9692-7C0CFE7F62EB}.Debug|x86.ActiveCfg = Debug|x86
		{C2828923-A934-482F-9692-7C0CFE7F62EB}.Debug|x86.Build.0 = Debug|x86
		{C2828923-A934-482F-9692-7C0CFE7F62EB}.Debug|x86.Deploy.0 = Debug|x86
		{C2828923-A934-482F-9692-7C0CFE7F62EB}.Release|Any CPU.ActiveCfg = Release|x64
		{C2828923-A934-482F-9692-7C0CFE7F62EB}.Release|Any CPU.Build.0 = Release|x64
		{C2828923-A934-482F-9692-7C0CFE7F62EB}.Release|Any CPU.Deploy.0 = Release|x64
		{C2828923-A934-482F-9692-7C0CFE7F62EB}.Release|ARM.ActiveCfg = Release|ARM
		{C2828923-A934-482F-9692-7C0CFE7F62EB}.Release|ARM.Build.0 = Release|ARM
		{C2828923-A934-482F-9692-7C0CFE7F62EB}.Release|ARM.Deploy.0 = Release|ARM
		{C2828923-A934-482F-9692-7C0CFE7F62EB}.Release|ARM64.ActiveCfg = Release|ARM64
		{C2828923-A934-482F-9692-7C0CFE7F62EB}.Release|ARM64.Build.0 = Release|ARM64
		{C2828923-A934-482F-9692-7C0CFE7F62EB}.Release|ARM64.Deploy.0 = Release|ARM64
		{C2828923-A934-482F-9692-7C0CFE7F62EB}.Release|x64.ActiveCfg = Release|x64
		{C2828923-A934-482F-9692-7C0CFE7F62EB}.Release|x64.Build.0 = Release|x64
		{C2828923-A934-482F-9692-7C0CFE7F62EB}.Release|x64.Deploy.0 = Release|x64
		{C2828923-A934-482F-9692-7C0CFE7F62EB}.Release|x86.ActiveCfg = Release|x86
		{C2828923-A934-482F-9692-7C0CFE7F62EB}.Release|x86.Build.0 = Release|x86
		{C2828923-A934-482F-9692-7C0CFE7F62EB}.Release|x86.Deploy.0 = Release|x86
		{50B78F4F-04D6-4C12-9C87-F3990AC4826A}.Debug|Any CPU.ActiveCfg = Debug|Any CPU
		{50B78F4F-04D6-4C12-9C87-F3990AC4826A}.Debug|Any CPU.Build.0 = Debug|Any CPU
		{50B78F4F-04D6-4C12-9C87-F3990AC4826A}.Debug|ARM.ActiveCfg = Debug|Any CPU
		{50B78F4F-04D6-4C12-9C87-F3990AC4826A}.Debug|ARM.Build.0 = Debug|Any CPU
		{50B78F4F-04D6-4C12-9C87-F3990AC4826A}.Debug|ARM64.ActiveCfg = Debug|Any CPU
		{50B78F4F-04D6-4C12-9C87-F3990AC4826A}.Debug|ARM64.Build.0 = Debug|Any CPU
		{50B78F4F-04D6-4C12-9C87-F3990AC4826A}.Debug|x64.ActiveCfg = Debug|Any CPU
		{50B78F4F-04D6-4C12-9C87-F3990AC4826A}.Debug|x64.Build.0 = Debug|Any CPU
		{50B78F4F-04D6-4C12-9C87-F3990AC4826A}.Debug|x86.ActiveCfg = Debug|Any CPU
		{50B78F4F-04D6-4C12-9C87-F3990AC4826A}.Debug|x86.Build.0 = Debug|Any CPU
		{50B78F4F-04D6-4C12-9C87-F3990AC4826A}.Release|Any CPU.ActiveCfg = Release|Any CPU
		{50B78F4F-04D6-4C12-9C87-F3990AC4826A}.Release|Any CPU.Build.0 = Release|Any CPU
		{50B78F4F-04D6-4C12-9C87-F3990AC4826A}.Release|ARM.ActiveCfg = Release|Any CPU
		{50B78F4F-04D6-4C12-9C87-F3990AC4826A}.Release|ARM.Build.0 = Release|Any CPU
		{50B78F4F-04D6-4C12-9C87-F3990AC4826A}.Release|ARM64.ActiveCfg = Release|Any CPU
		{50B78F4F-04D6-4C12-9C87-F3990AC4826A}.Release|ARM64.Build.0 = Release|Any CPU
		{50B78F4F-04D6-4C12-9C87-F3990AC4826A}.Release|x64.ActiveCfg = Release|Any CPU
		{50B78F4F-04D6-4C12-9C87-F3990AC4826A}.Release|x64.Build.0 = Release|Any CPU
		{50B78F4F-04D6-4C12-9C87-F3990AC4826A}.Release|x86.ActiveCfg = Release|Any CPU
		{50B78F4F-04D6-4C12-9C87-F3990AC4826A}.Release|x86.Build.0 = Release|Any CPU
	EndGlobalSection
	GlobalSection(SolutionProperties) = preSolution
		HideSolutionNode = FALSE
	EndGlobalSection
	GlobalSection(NestedProjects) = preSolution
		{C72AA947-8573-495C-98FA-23B2039FA37A} = {30F62568-C101-4B72-84FA-D3260576ECE1}
		{C2828923-A934-482F-9692-7C0CFE7F62EB} = {30F62568-C101-4B72-84FA-D3260576ECE1}
	EndGlobalSection
	GlobalSection(ExtensibilityGlobals) = postSolution
		SolutionGuid = {B9A143FA-537D-460C-B40A-F4C4E632D515}
	EndGlobalSection
EndGlobal
